
Microsoft Visual Studio Solution File, Format Version 11.00
# Visual Studio 2010
Project("{FAE04EC0-301F-11D3-BF4B-00C04F79EFBC}") = "Inheritance1", "Inheritance1\Inheritance1.csproj", "{0E1230A5-A3A6-421E-BD63-269967C5A47D}"
EndProject
Global
	GlobalSection(SolutionConfigurationPlatforms) = preSolution
		Debug|x86 = Debug|x86
		Release|x86 = Release|x86
	EndGlobalSection
	GlobalSection(ProjectConfigurationPlatforms) = postSolution
		{0E1230A5-A3A6-421E-BD63-269967C5A47D}.Debug|x86.ActiveCfg = Debug|x86
		{0E1230A5-A3A6-421E-BD63-269967C5A47D}.Debug|x86.Build.0 = Debug|x86
		{0E1230A5-A3A6-421E-BD63-269967C5A47D}.Release|x86.ActiveCfg = Release|x86
		{0E1230A5-A3A6-421E-BD63-269967C5A47D}.Release|x86.Build.0 = Release|x86
	EndGlobalSection
	GlobalSection(SolutionProperties) = preSolution
		HideSolutionNode = FALSE
	EndGlobalSection
EndGlobal
